
Microsoft Visual Studio Solution File, Format Version 12.00
# Visual Studio Version 16
VisualStudioVersion = 16.0.31729.503
MinimumVisualStudioVersion = 10.0.40219.1
Project("{FAE04EC0-301F-11D3-BF4B-00C04F79EFBC}") = "CRUD_ASP_SP", "CRUD_ASP_SP\CRUD_ASP_SP.csproj", "{AA6E62A9-DE96-4534-A55A-96611E75AAC2}"
EndProject
Global
	GlobalSection(SolutionConfigurationPlatforms) = preSolution
		Debug|Any CPU = Debug|Any CPU
		Release|Any CPU = Release|Any CPU
	EndGlobalSection
	GlobalSection(ProjectConfigurationPlatforms) = postSolution
		{AA6E62A9-DE96-4534-A55A-96611E75AAC2}.Debug|Any CPU.ActiveCfg = Debug|Any CPU
		{AA6E62A9-DE96-4534-A55A-96611E75AAC2}.Debug|Any CPU.Build.0 = Debug|Any CPU
		{AA6E62A9-DE96-4534-A55A-96611E75AAC2}.Release|Any CPU.ActiveCfg = Release|Any CPU
		{AA6E62A9-DE96-4534-A55A-96611E75AAC2}.Release|Any CPU.Build.0 = Release|Any CPU
	EndGlobalSection
	GlobalSection(SolutionProperties) = preSolution
		HideSolutionNode = FALSE
	EndGlobalSection
	GlobalSection(ExtensibilityGlobals) = postSolution
		SolutionGuid = {01B66697-0608-4F96-9E9F-29F9ED358056}
	EndGlobalSection
EndGlobal
